
Microsoft Visual Studio Solution File, Format Version 12.00
# Visual Studio Version 17
VisualStudioVersion = 17.0.32112.339
MinimumVisualStudioVersion = 10.0.40219.1
Project("{FAE04EC0-301F-11D3-BF4B-00C04F79EFBC}") = "Assignment2-TrevorWithers", "Assignment2-TrevorWithers\Assignment2-TrevorWithers.csproj", "{3BB38D58-1CC6-4A06-A330-9FE6FA693C7A}"
EndProject
Global
	GlobalSection(SolutionConfigurationPlatforms) = preSolution
		Debug|Any CPU = Debug|Any CPU
		Release|Any CPU = Release|Any CPU
	EndGlobalSection
	GlobalSection(ProjectConfigurationPlatforms) = postSolution
		{3BB38D58-1CC6-4A06-A330-9FE6FA693C7A}.Debug|Any CPU.ActiveCfg = Debug|Any CPU
		{3BB38D58-1CC6-4A06-A330-9FE6FA693C7A}.Debug|Any CPU.Build.0 = Debug|Any CPU
		{3BB38D58-1CC6-4A06-A330-9FE6FA693C7A}.Release|Any CPU.ActiveCfg = Release|Any CPU
		{3BB38D58-1CC6-4A06-A330-9FE6FA693C7A}.Release|Any CPU.Build.0 = Release|Any CPU
	EndGlobalSection
	GlobalSection(SolutionProperties) = preSolution
		HideSolutionNode = FALSE
	EndGlobalSection
	GlobalSection(ExtensibilityGlobals) = postSolution
		SolutionGuid = {E5E2FDBF-E6F6-48B2-886E-C0D1EED2F7D3}
	EndGlobalSection
EndGlobal
